apiVersion: vendir.k14s.io/v1alpha1
directories:
- contents:
  - git:
      commitTitle: 'chore: cut release v1.19.1 (#17541)...'
      sha: 40ec788d48bb28d83dbf85538e962a59db9d45c6
      tags:
      - kyverno-chart-3.9.1
    path: .
  path: helm/kyverno-crds/charts/crds
- contents:
  - git:
      commitTitle: 'feat: add compensating controls to PolicyException (#127)...'
      sha: a58ce85f79531202aae7da8a80b3734c592a5242
      tags:
      - v0.0.1-alpha.5
    path: .
  path: helm/kyverno-crds/charts/kyverno-api
kind: LockConfig
