apiVersion: vendir.k14s.io/v1alpha1
directories:
- contents:
  - git:
      commitTitle: 'chore: release v1.17.2 (#15945)...'
      sha: f64c0f5820a022d354c77316785d08511d2a5cc4
      tags:
      - v1.17.2
    path: .
  path: helm/kyverno-crds/charts/crds
- contents:
  - git:
      commitTitle: 'refactor: reuse structs to get better backward compatibility (#46)...'
      sha: 2930548bd505235d088c9648e874d87599568cc4
      tags:
      - v0.0.1-alpha.2
    path: .
  path: helm/kyverno-crds/charts/kyverno-api
kind: LockConfig
